// !$*UTF8*$!
{
	archiveVersion = 1;
	classes = {
	};
	objectVersion = 56;
	objects = {

/* Begin PBXBuildFile section */
		25FC0F18D48E2C9D7DFCF4A5 /* Pods_EnginePJ_EnginePJUITests.framework in Frameworks */ = {isa = PBXBuildFile; fileRef = 48F9EDC4F330D6D6831E11A5 /* Pods_EnginePJ_EnginePJUITests.framework */; };
		441824C8DF01B90DA7DE7B59 /* Pods_EnginePJ.framework in Frameworks */ = {isa = PBXBuildFile; fileRef = D9010F3C5EAC55556F848BA9 /* Pods_EnginePJ.framework */; };
		822A5B632A53E6F000400B21 /* AppDelegate.swift in Sources */ = {isa = PBXBuildFile; fileRef = 822A5B622A53E6F000400B21 /* AppDelegate.swift */; };
		822A5B672A53E6F000400B21 /* ViewController.swift in Sources */ = {isa = PBXBuildFile; fileRef = 822A5B662A53E6F000400B21 /* ViewController.swift */; };
		822A5B6C2A53E6F200400B21 /* Assets.xcassets in Resources */ = {isa = PBXBuildFile; fileRef = 822A5B6B2A53E6F200400B21 /* Assets.xcassets */; };
		822A5B6F2A53E6F200400B21 /* LaunchScreen.storyboard in Resources */ = {isa = PBXBuildFile; fileRef = 822A5B6D2A53E6F200400B21 /* LaunchScreen.storyboard */; };
		822A5B7A2A53E6F200400B21 /* EnginePJTests.swift in Sources */ = {isa = PBXBuildFile; fileRef = 822A5B792A53E6F200400B21 /* EnginePJTests.swift */; };
		822A5B842A53E6F200400B21 /* EnginePJUITests.swift in Sources */ = {isa = PBXBuildFile; fileRef = 822A5B832A53E6F200400B21 /* EnginePJUITests.swift */; };
		822A5B862A53E6F200400B21 /* EnginePJUITestsLaunchTests.swift in Sources */ = {isa = PBXBuildFile; fileRef = 822A5B852A53E6F200400B21 /* EnginePJUITestsLaunchTests.swift */; };
		822A5B932A53E72200400B21 /* YCFlutterViewController.swift in Sources */ = {isa = PBXBuildFile; fileRef = 822A5B922A53E72200400B21 /* YCFlutterViewController.swift */; };
		822A5B952A53E94D00400B21 /* YCDataModel.swift in Sources */ = {isa = PBXBuildFile; fileRef = 822A5B942A53E94D00400B21 /* YCDataModel.swift */; };
		822A5B992A557C1F00400B21 /* Main.storyboard in Resources */ = {isa = PBXBuildFile; fileRef = 822A5B982A557C1F00400B21 /* Main.storyboard */; };
		F0EDCF9BEF7259675E12102F /* Pods_EnginePJTests.framework in Frameworks */ = {isa = PBXBuildFile; fileRef = 2C415C93ED4A6DE3D618F8F5 /* Pods_EnginePJTests.framework */; };
/* End PBXBuildFile section */

/* Begin PBXContainerItemProxy section */
		822A5B762A53E6F200400B21 /* PBXContainerItemProxy */ = {
			isa = PBXContainerItemProxy;
			containerPortal = 822A5B572A53E6F000400B21 /* Project object */;
			proxyType = 1;
			remoteGlobalIDString = 822A5B5E2A53E6F000400B21;
			remoteInfo = EnginePJ;
		};
		822A5B802A53E6F200400B21 /* PBXContainerItemProxy */ = {
			isa = PBXContainerItemProxy;
			containerPortal = 822A5B572A53E6F000400B21 /* Project object */;
			proxyType = 1;
			remoteGlobalIDString = 822A5B5E2A53E6F000400B21;
			remoteInfo = EnginePJ;
		};
/* End PBXContainerItemProxy section */

/* Begin PBXFileReference section */
		27A44C48B54C55027882E34C /* Pods-EnginePJ-EnginePJUITests.release.xcconfig */ = {isa = PBXFileReference; includeInIndex = 1; lastKnownFileType = text.xcconfig; name = "Pods-EnginePJ-EnginePJUITests.release.xcconfig"; path = "Target Support Files/Pods-EnginePJ-EnginePJUITests/Pods-EnginePJ-EnginePJUITests.release.xcconfig"; sourceTree = "<group>"; };
		2C415C93ED4A6DE3D618F8F5 /* Pods_EnginePJTests.framework */ = {isa = PBXFileReference; explicitFileType = wrapper.framework; includeInIndex = 0; path = Pods_EnginePJTests.framework; sourceTree = BUILT_PRODUCTS_DIR; };
		48F9EDC4F330D6D6831E11A5 /* Pods_EnginePJ_EnginePJUITests.framework */ = {isa = PBXFileReference; explicitFileType = wrapper.framework; includeInIndex = 0; path = Pods_EnginePJ_EnginePJUITests.framework; sourceTree = BUILT_PRODUCTS_DIR; };
		80DE08892F7CB6E9829D36EA /* Pods-EnginePJTests.release.xcconfig */ = {isa = PBXFileReference; includeInIndex = 1; lastKnownFileType = text.xcconfig; name = "Pods-EnginePJTests.release.xcconfig"; path = "Target Support Files/Pods-EnginePJTests/Pods-EnginePJTests.release.xcconfig"; sourceTree = "<group>"; };
		822A5B5F2A53E6F000400B21 /* EnginePJ.app */ = {isa = PBXFileReference; explicitFileType = wrapper.application; includeInIndex = 0; path = EnginePJ.app; sourceTree = BUILT_PRODUCTS_DIR; };
		822A5B622A53E6F000400B21 /* AppDelegate.swift */ = {isa = PBXFileReference; lastKnownFileType = sourcecode.swift; path = AppDelegate.swift; sourceTree = "<group>"; };
		822A5B662A53E6F000400B21 /* ViewController.swift */ = {isa = PBXFileReference; lastKnownFileType = sourcecode.swift; path = ViewController.swift; sourceTree = "<group>"; };
		822A5B6B2A53E6F200400B21 /* Assets.xcassets */ = {isa = PBXFileReference; lastKnownFileType = folder.assetcatalog; path = Assets.xcassets; sourceTree = "<group>"; };
		822A5B6E2A53E6F200400B21 /* Base */ = {isa = PBXFileReference; lastKnownFileType = file.storyboard; name = Base; path = Base.lproj/LaunchScreen.storyboard; sourceTree = "<group>"; };
		822A5B702A53E6F200400B21 /* Info.plist */ = {isa = PBXFileReference; lastKnownFileType = text.plist.xml; path = Info.plist; sourceTree = "<group>"; };
		822A5B752A53E6F200400B21 /* EnginePJTests.xctest */ = {isa = PBXFileReference; explicitFileType = wrapper.cfbundle; includeInIndex = 0; path = EnginePJTests.xctest; sourceTree = BUILT_PRODUCTS_DIR; };
		822A5B792A53E6F200400B21 /* EnginePJTests.swift */ = {isa = PBXFileReference; lastKnownFileType = sourcecode.swift; path = EnginePJTests.swift; sourceTree = "<group>"; };
		822A5B7F2A53E6F200400B21 /* EnginePJUITests.xctest */ = {isa = PBXFileReference; explicitFileType = wrapper.cfbundle; includeInIndex = 0; path = EnginePJUITests.xctest; sourceTree = BUILT_PRODUCTS_DIR; };
		822A5B832A53E6F200400B21 /* EnginePJUITests.swift */ = {isa = PBXFileReference; lastKnownFileType = sourcecode.swift; path = EnginePJUITests.swift; sourceTree = "<group>"; };
		822A5B852A53E6F200400B21 /* EnginePJUITestsLaunchTests.swift */ = {isa = PBXFileReference; lastKnownFileType = sourcecode.swift; path = EnginePJUITestsLaunchTests.swift; sourceTree = "<group>"; };
		822A5B922A53E72200400B21 /* YCFlutterViewController.swift */ = {isa = PBXFileReference; lastKnownFileType = sourcecode.swift; path = YCFlutterViewController.swift; sourceTree = "<group>"; };
		822A5B942A53E94D00400B21 /* YCDataModel.swift */ = {isa = PBXFileReference; lastKnownFileType = sourcecode.swift; path = YCDataModel.swift; sourceTree = "<group>"; };
		822A5B982A557C1F00400B21 /* Main.storyboard */ = {isa = PBXFileReference; fileEncoding = 4; lastKnownFileType = file.storyboard; path = Main.storyboard; sourceTree = "<group>"; };
		82B818B82A55FBFA005F7C96 /* EnginePJ-Bridging-Header.h */ = {isa = PBXFileReference; lastKnownFileType = sourcecode.c.h; path = "EnginePJ-Bridging-Header.h"; sourceTree = "<group>"; };
		82CD931C2A5600F600D5C448 /* FlutterViewController+YCSurface.h */ = {isa = PBXFileReference; lastKnownFileType = sourcecode.c.h; path = "FlutterViewController+YCSurface.h"; sourceTree = "<group>"; };
		92FB9E9EA8BC2FBDB3A0B4C0 /* Pods-EnginePJ.debug.xcconfig */ = {isa = PBXFileReference; includeInIndex = 1; lastKnownFileType = text.xcconfig; name = "Pods-EnginePJ.debug.xcconfig"; path = "Target Support Files/Pods-EnginePJ/Pods-EnginePJ.debug.xcconfig"; sourceTree = "<group>"; };
		9755CE38F43BB942E6C728EC /* Pods-EnginePJTests.debug.xcconfig */ = {isa = PBXFileReference; includeInIndex = 1; lastKnownFileType = text.xcconfig; name = "Pods-EnginePJTests.debug.xcconfig"; path = "Target Support Files/Pods-EnginePJTests/Pods-EnginePJTests.debug.xcconfig"; sourceTree = "<group>"; };
		D9010F3C5EAC55556F848BA9 /* Pods_EnginePJ.framework */ = {isa = PBXFileReference; explicitFileType = wrapper.framework; includeInIndex = 0; path = Pods_EnginePJ.framework; sourceTree = BUILT_PRODUCTS_DIR; };
		D9C0AFE26062525C4E70EE36 /* Pods-EnginePJ-EnginePJUITests.debug.xcconfig */ = {isa = PBXFileReference; includeInIndex = 1; lastKnownFileType = text.xcconfig; name = "Pods-EnginePJ-EnginePJUITests.debug.xcconfig"; path = "Target Support Files/Pods-EnginePJ-EnginePJUITests/Pods-EnginePJ-EnginePJUITests.debug.xcconfig"; sourceTree = "<group>"; };
		EA72C60D79F59DC70E531F3F /* Pods-EnginePJ.release.xcconfig */ = {isa = PBXFileReference; includeInIndex = 1; lastKnownFileType = text.xcconfig; name = "Pods-EnginePJ.release.xcconfig"; path = "Target Support Files/Pods-EnginePJ/Pods-EnginePJ.release.xcconfig"; sourceTree = "<group>"; };
/* End PBXFileReference section */

/* Begin PBXFrameworksBuildPhase section */
		822A5B5C2A53E6F000400B21 /* Frameworks */ = {
			isa = PBXFrameworksBuildPhase;
			buildActionMask = 2147483647;
			files = (
				441824C8DF01B90DA7DE7B59 /* Pods_EnginePJ.framework in Frameworks */,
			);
			runOnlyForDeploymentPostprocessing = 0;
		};
		822A5B722A53E6F200400B21 /* Frameworks */ = {
			isa = PBXFrameworksBuildPhase;
			buildActionMask = 2147483647;
			files = (
				F0EDCF9BEF7259675E12102F /* Pods_EnginePJTests.framework in Frameworks */,
			);
			runOnlyForDeploymentPostprocessing = 0;
		};
		822A5B7C2A53E6F200400B21 /* Frameworks */ = {
			isa = PBXFrameworksBuildPhase;
			buildActionMask = 2147483647;
			files = (
				25FC0F18D48E2C9D7DFCF4A5 /* Pods_EnginePJ_EnginePJUITests.framework in Frameworks */,
			);
			runOnlyForDeploymentPostprocessing = 0;
		};
/* End PBXFrameworksBuildPhase section */

/* Begin PBXGroup section */
		2661951C360F7449098B9A1F /* Frameworks */ = {
			isa = PBXGroup;
			children = (
				D9010F3C5EAC55556F848BA9 /* Pods_EnginePJ.framework */,
				48F9EDC4F330D6D6831E11A5 /* Pods_EnginePJ_EnginePJUITests.framework */,
				2C415C93ED4A6DE3D618F8F5 /* Pods_EnginePJTests.framework */,
			);
			name = Frameworks;
			sourceTree = "<group>";
		};
		822A5B562A53E6F000400B21 = {
			isa = PBXGroup;
			children = (
				822A5B612A53E6F000400B21 /* EnginePJ */,
				822A5B782A53E6F200400B21 /* EnginePJTests */,
				822A5B822A53E6F200400B21 /* EnginePJUITests */,
				822A5B602A53E6F000400B21 /* Products */,
				DC7B5560DDFD9E1B03D5F3F9 /* Pods */,
				2661951C360F7449098B9A1F /* Frameworks */,
			);
			sourceTree = "<group>";
		};
		822A5B602A53E6F000400B21 /* Products */ = {
			isa = PBXGroup;
			children = (
				822A5B5F2A53E6F000400B21 /* EnginePJ.app */,
				822A5B752A53E6F200400B21 /* EnginePJTests.xctest */,
				822A5B7F2A53E6F200400B21 /* EnginePJUITests.xctest */,
			);
			name = Products;
			sourceTree = "<group>";
		};
		822A5B612A53E6F000400B21 /* EnginePJ */ = {
			isa = PBXGroup;
			children = (
				822A5B622A53E6F000400B21 /* AppDelegate.swift */,
				822A5B982A557C1F00400B21 /* Main.storyboard */,
				822A5B662A53E6F000400B21 /* ViewController.swift */,
				822A5B942A53E94D00400B21 /* YCDataModel.swift */,
				822A5B6B2A53E6F200400B21 /* Assets.xcassets */,
				822A5B6D2A53E6F200400B21 /* LaunchScreen.storyboard */,
				822A5B702A53E6F200400B21 /* Info.plist */,
				822A5B922A53E72200400B21 /* YCFlutterViewController.swift */,
				82CD931C2A5600F600D5C448 /* FlutterViewController+YCSurface.h */,
				82B818B82A55FBFA005F7C96 /* EnginePJ-Bridging-Header.h */,
			);
			path = EnginePJ;
			sourceTree = "<group>";
		};
		822A5B782A53E6F200400B21 /* EnginePJTests */ = {
			isa = PBXGroup;
			children = (
				822A5B792A53E6F200400B21 /* EnginePJTests.swift */,
			);
			path = EnginePJTests;
			sourceTree = "<group>";
		};
		822A5B822A53E6F200400B21 /* EnginePJUITests */ = {
			isa = PBXGroup;
			children = (
				822A5B832A53E6F200400B21 /* EnginePJUITests.swift */,
				822A5B852A53E6F200400B21 /* EnginePJUITestsLaunchTests.swift */,
			);
			path = EnginePJUITests;
			sourceTree = "<group>";
		};
		DC7B5560DDFD9E1B03D5F3F9 /* Pods */ = {
			isa = PBXGroup;
			children = (
				92FB9E9EA8BC2FBDB3A0B4C0 /* Pods-EnginePJ.debug.xcconfig */,
				EA72C60D79F59DC70E531F3F /* Pods-EnginePJ.release.xcconfig */,
				D9C0AFE26062525C4E70EE36 /* Pods-EnginePJ-EnginePJUITests.debug.xcconfig */,
				27A44C48B54C55027882E34C /* Pods-EnginePJ-EnginePJUITests.release.xcconfig */,
				9755CE38F43BB942E6C728EC /* Pods-EnginePJTests.debug.xcconfig */,
				80DE08892F7CB6E9829D36EA /* Pods-EnginePJTests.release.xcconfig */,
			);
			path = Pods;
			sourceTree = "<group>";
		};
/* End PBXGroup section */

/* Begin PBXNativeTarget section */
		822A5B5E2A53E6F000400B21 /* EnginePJ */ = {
			isa = PBXNativeTarget;
			buildConfigurationList = 822A5B892A53E6F200400B21 /* Build configuration list for PBXNativeTarget "EnginePJ" */;
			buildPhases = (
				75460AE4FD398364387AA5AA /* [CP] Check Pods Manifest.lock */,
				3B55758503A5078711C73602 /* [CP-User] Run Flutter Build engine_module Script */,
				822A5B5B2A53E6F000400B21 /* Sources */,
				822A5B5C2A53E6F000400B21 /* Frameworks */,
				822A5B5D2A53E6F000400B21 /* Resources */,
				B0AF3ACD4DCEE371829B31B5 /* [CP-User] Embed Flutter Build engine_module Script */,
			);
			buildRules = (
			);
			dependencies = (
			);
			name = EnginePJ;
			productName = EnginePJ;
			productReference = 822A5B5F2A53E6F000400B21 /* EnginePJ.app */;
			productType = "com.apple.product-type.application";
		};
		822A5B742A53E6F200400B21 /* EnginePJTests */ = {
			isa = PBXNativeTarget;
			buildConfigurationList = 822A5B8C2A53E6F200400B21 /* Build configuration list for PBXNativeTarget "EnginePJTests" */;
			buildPhases = (
				A15C193304489366DA28C8E9 /* [CP] Check Pods Manifest.lock */,
				822A5B712A53E6F200400B21 /* Sources */,
				822A5B722A53E6F200400B21 /* Frameworks */,
				822A5B732A53E6F200400B21 /* Resources */,
			);
			buildRules = (
			);
			dependencies = (
				822A5B772A53E6F200400B21 /* PBXTargetDependency */,
			);
			name = EnginePJTests;
			productName = EnginePJTests;
			productReference = 822A5B752A53E6F200400B21 /* EnginePJTests.xctest */;
			productType = "com.apple.product-type.bundle.unit-test";
		};
		822A5B7E2A53E6F200400B21 /* EnginePJUITests */ = {
			isa = PBXNativeTarget;
			buildConfigurationList = 822A5B8F2A53E6F200400B21 /* Build configuration list for PBXNativeTarget "EnginePJUITests" */;
			buildPhases = (
				B63B892378D68A47F265BEFF /* [CP] Check Pods Manifest.lock */,
				822A5B7B2A53E6F200400B21 /* Sources */,
				822A5B7C2A53E6F200400B21 /* Frameworks */,
				822A5B7D2A53E6F200400B21 /* Resources */,
			);
			buildRules = (
			);
			dependencies = (
				822A5B812A53E6F200400B21 /* PBXTargetDependency */,
			);
			name = EnginePJUITests;
			productName = EnginePJUITests;
			productReference = 822A5B7F2A53E6F200400B21 /* EnginePJUITests.xctest */;
			productType = "com.apple.product-type.bundle.ui-testing";
		};
/* End PBXNativeTarget section */

/* Begin PBXProject section */
		822A5B572A53E6F000400B21 /* Project object */ = {
			isa = PBXProject;
			attributes = {
				BuildIndependentTargetsInParallel = 1;
				LastSwiftUpdateCheck = 1430;
				LastUpgradeCheck = 1430;
				TargetAttributes = {
					822A5B5E2A53E6F000400B21 = {
						CreatedOnToolsVersion = 14.3.1;
						LastSwiftMigration = 1430;
					};
					822A5B742A53E6F200400B21 = {
						CreatedOnToolsVersion = 14.3.1;
						TestTargetID = 822A5B5E2A53E6F000400B21;
					};
					822A5B7E2A53E6F200400B21 = {
						CreatedOnToolsVersion = 14.3.1;
						TestTargetID = 822A5B5E2A53E6F000400B21;
					};
				};
			};
			buildConfigurationList = 822A5B5A2A53E6F000400B21 /* Build configuration list for PBXProject "EnginePJ" */;
			compatibilityVersion = "Xcode 14.0";
			developmentRegion = en;
			hasScannedForEncodings = 0;
			knownRegions = (
				en,
				Base,
			);
			mainGroup = 822A5B562A53E6F000400B21;
			productRefGroup = 822A5B602A53E6F000400B21 /* Products */;
			projectDirPath = "";
			projectRoot = "";
			targets = (
				822A5B5E2A53E6F000400B21 /* EnginePJ */,
				822A5B742A53E6F200400B21 /* EnginePJTests */,
				822A5B7E2A53E6F200400B21 /* EnginePJUITests */,
			);
		};
/* End PBXProject section */

/* Begin PBXResourcesBuildPhase section */
		822A5B5D2A53E6F000400B21 /* Resources */ = {
			isa = PBXResourcesBuildPhase;
			buildActionMask = 2147483647;
			files = (
				822A5B992A557C1F00400B21 /* Main.storyboard in Resources */,
				822A5B6F2A53E6F200400B21 /* LaunchScreen.storyboard in Resources */,
				822A5B6C2A53E6F200400B21 /* Assets.xcassets in Resources */,
			);
			runOnlyForDeploymentPostprocessing = 0;
		};
		822A5B732A53E6F200400B21 /* Resources */ = {
			isa = PBXResourcesBuildPhase;
			buildActionMask = 2147483647;
			files = (
			);
			runOnlyForDeploymentPostprocessing = 0;
		};
		822A5B7D2A53E6F200400B21 /* Resources */ = {
			isa = PBXResourcesBuildPhase;
			buildActionMask = 2147483647;
			files = (
			);
			runOnlyForDeploymentPostprocessing = 0;
		};
/* End PBXResourcesBuildPhase section */

/* Begin PBXShellScriptBuildPhase section */
		3B55758503A5078711C73602 /* [CP-User] Run Flutter Build engine_module Script */ = {
			isa = PBXShellScriptBuildPhase;
			buildActionMask = 2147483647;
			files = (
			);
			name = "[CP-User] Run Flutter Build engine_module Script";
			runOnlyForDeploymentPostprocessing = 0;
			shellPath = /bin/sh;
			shellScript = "set -e\nset -u\nsource \"${SRCROOT}/../engine_module/.ios/Flutter/flutter_export_environment.sh\"\nexport VERBOSE_SCRIPT_LOGGING=1 && \"$FLUTTER_ROOT\"/packages/flutter_tools/bin/xcode_backend.sh build";
		};
		75460AE4FD398364387AA5AA /* [CP] Check Pods Manifest.lock */ = {
			isa = PBXShellScriptBuildPhase;
			buildActionMask = 2147483647;
			files = (
			);
			inputFileListPaths = (
			);
			inputPaths = (
				"${PODS_PODFILE_DIR_PATH}/Podfile.lock",
				"${PODS_ROOT}/Manifest.lock",
			);
			name = "[CP] Check Pods Manifest.lock";
			outputFileListPaths = (
			);
			outputPaths = (
				"$(DERIVED_FILE_DIR)/Pods-EnginePJ-checkManifestLockResult.txt",
			);
			runOnlyForDeploymentPostprocessing = 0;
			shellPath = /bin/sh;
			shellScript = "diff \"${PODS_PODFILE_DIR_PATH}/Podfile.lock\" \"${PODS_ROOT}/Manifest.lock\" > /dev/null\nif [ $? != 0 ] ; then\n    # print error to STDERR\n    echo \"error: The sandbox is not in sync with the Podfile.lock. Run 'pod install' or update your CocoaPods installation.\" >&2\n    exit 1\nfi\n# This output is used by Xcode 'outputs' to avoid re-running this script phase.\necho \"SUCCESS\" > \"${SCRIPT_OUTPUT_FILE_0}\"\n";
			showEnvVarsInLog = 0;
		};
		A15C193304489366DA28C8E9 /* [CP] Check Pods Manifest.lock */ = {
			isa = PBXShellScriptBuildPhase;
			buildActionMask = 2147483647;
			files = (
			);
			inputFileListPaths = (
			);
			inputPaths = (
				"${PODS_PODFILE_DIR_PATH}/Podfile.lock",
				"${PODS_ROOT}/Manifest.lock",
			);
			name = "[CP] Check Pods Manifest.lock";
			outputFileListPaths = (
			);
			outputPaths = (
				"$(DERIVED_FILE_DIR)/Pods-EnginePJTests-checkManifestLockResult.txt",
			);
			runOnlyForDeploymentPostprocessing = 0;
			shellPath = /bin/sh;
			shellScript = "diff \"${PODS_PODFILE_DIR_PATH}/Podfile.lock\" \"${PODS_ROOT}/Manifest.lock\" > /dev/null\nif [ $? != 0 ] ; then\n    # print error to STDERR\n    echo \"error: The sandbox is not in sync with the Podfile.lock. Run 'pod install' or update your CocoaPods installation.\" >&2\n    exit 1\nfi\n# This output is used by Xcode 'outputs' to avoid re-running this script phase.\necho \"SUCCESS\" > \"${SCRIPT_OUTPUT_FILE_0}\"\n";
			showEnvVarsInLog = 0;
		};
		B0AF3ACD4DCEE371829B31B5 /* [CP-User] Embed Flutter Build engine_module Script */ = {
			isa = PBXShellScriptBuildPhase;
			buildActionMask = 2147483647;
			files = (
			);
			name = "[CP-User] Embed Flutter Build engine_module Script";
			runOnlyForDeploymentPostprocessing = 0;
			shellPath = /bin/sh;
			shellScript = "set -e\nset -u\nsource \"${SRCROOT}/../engine_module/.ios/Flutter/flutter_export_environment.sh\"\nexport VERBOSE_SCRIPT_LOGGING=1 && \"$FLUTTER_ROOT\"/packages/flutter_tools/bin/xcode_backend.sh embed_and_thin\n";
		};
		B63B892378D68A47F265BEFF /* [CP] Check Pods Manifest.lock */ = {
			isa = PBXShellScriptBuildPhase;
			buildActionMask = 2147483647;
			files = (
			);
			inputFileListPaths = (
			);
			inputPaths = (
				"${PODS_PODFILE_DIR_PATH}/Podfile.lock",
				"${PODS_ROOT}/Manifest.lock",
			);
			name = "[CP] Check Pods Manifest.lock";
			outputFileListPaths = (
			);
			outputPaths = (
				"$(DERIVED_FILE_DIR)/Pods-EnginePJ-EnginePJUITests-checkManifestLockResult.txt",
			);
			runOnlyForDeploymentPostprocessing = 0;
			shellPath = /bin/sh;
			shellScript = "diff \"${PODS_PODFILE_DIR_PATH}/Podfile.lock\" \"${PODS_ROOT}/Manifest.lock\" > /dev/null\nif [ $? != 0 ] ; then\n    # print error to STDERR\n    echo \"error: The sandbox is not in sync with the Podfile.lock. Run 'pod install' or update your CocoaPods installation.\" >&2\n    exit 1\nfi\n# This output is used by Xcode 'outputs' to avoid re-running this script phase.\necho \"SUCCESS\" > \"${SCRIPT_OUTPUT_FILE_0}\"\n";
			showEnvVarsInLog = 0;
		};
/* End PBXShellScriptBuildPhase section */

/* Begin PBXSourcesBuildPhase section */
		822A5B5B2A53E6F000400B21 /* Sources */ = {
			isa = PBXSourcesBuildPhase;
			buildActionMask = 2147483647;
			files = (
				822A5B672A53E6F000400B21 /* ViewController.swift in Sources */,
				822A5B932A53E72200400B21 /* YCFlutterViewController.swift in Sources */,
				822A5B952A53E94D00400B21 /* YCDataModel.swift in Sources */,
				822A5B632A53E6F000400B21 /* AppDelegate.swift in Sources */,
			);
			runOnlyForDeploymentPostprocessing = 0;
		};
		822A5B712A53E6F200400B21 /* Sources */ = {
			isa = PBXSourcesBuildPhase;
			buildActionMask = 2147483647;
			files = (
				822A5B7A2A53E6F200400B21 /* EnginePJTests.swift in Sources */,
			);
			runOnlyForDeploymentPostprocessing = 0;
		};
		822A5B7B2A53E6F200400B21 /* Sources */ = {
			isa = PBXSourcesBuildPhase;
			buildActionMask = 2147483647;
			files = (
				822A5B862A53E6F200400B21 /* EnginePJUITestsLaunchTests.swift in Sources */,
				822A5B842A53E6F200400B21 /* EnginePJUITests.swift in Sources */,
			);
			runOnlyForDeploymentPostprocessing = 0;
		};
/* End PBXSourcesBuildPhase section */

/* Begin PBXTargetDependency section */
		822A5B772A53E6F200400B21 /* PBXTargetDependency */ = {
			isa = PBXTargetDependency;
			target = 822A5B5E2A53E6F000400B21 /* EnginePJ */;
			targetProxy = 822A5B762A53E6F200400B21 /* PBXContainerItemProxy */;
		};
		822A5B812A53E6F200400B21 /* PBXTargetDependency */ = {
			isa = PBXTargetDependency;
			target = 822A5B5E2A53E6F000400B21 /* EnginePJ */;
			targetProxy = 822A5B802A53E6F200400B21 /* PBXContainerItemProxy */;
		};
/* End PBXTargetDependency section */

/* Begin PBXVariantGroup section */
		822A5B6D2A53E6F200400B21 /* LaunchScreen.storyboard */ = {
			isa = PBXVariantGroup;
			children = (
				822A5B6E2A53E6F200400B21 /* Base */,
			);
			name = LaunchScreen.storyboard;
			sourceTree = "<group>";
		};
/* End PBXVariantGroup section */

/* Begin XCBuildConfiguration section */
		822A5B872A53E6F200400B21 /* Debug */ = {
			isa = XCBuildConfiguration;
			buildSettings = {
				ALWAYS_SEARCH_USER_PATHS = NO;
				CLANG_ANALYZER_NONNULL = YES;
				CLANG_ANALYZER_NUMBER_OBJECT_CONVERSION = YES_AGGRESSIVE;
				CLANG_CXX_LANGUAGE_STANDARD = "gnu++20";
				CLANG_ENABLE_MODULES = YES;
				CLANG_ENABLE_OBJC_ARC = YES;
				CLANG_ENABLE_OBJC_WEAK = YES;
				CLANG_WARN_BLOCK_CAPTURE_AUTORELEASING = YES;
				CLANG_WARN_BOOL_CONVERSION = YES;
				CLANG_WARN_COMMA = YES;
				CLANG_WARN_CONSTANT_CONVERSION = YES;
				CLANG_WARN_DEPRECATED_OBJC_IMPLEMENTATIONS = YES;
				CLANG_WARN_DIRECT_OBJC_ISA_USAGE = YES_ERROR;
				CLANG_WARN_DOCUMENTATION_COMMENTS = YES;
				CLANG_WARN_EMPTY_BODY = YES;
				CLANG_WARN_ENUM_CONVERSION = YES;
				CLANG_WARN_INFINITE_RECURSION = YES;
				CLANG_WARN_INT_CONVERSION = YES;
				CLANG_WARN_NON_LITERAL_NULL_CONVERSION = YES;
				CLANG_WARN_OBJC_IMPLICIT_RETAIN_SELF = YES;
				CLANG_WARN_OBJC_LITERAL_CONVERSION = YES;
				CLANG_WARN_OBJC_ROOT_CLASS = YES_ERROR;
				CLANG_WARN_QUOTED_INCLUDE_IN_FRAMEWORK_HEADER = YES;
				CLANG_WARN_RANGE_LOOP_ANALYSIS = YES;
				CLANG_WARN_STRICT_PROTOTYPES = YES;
				CLANG_WARN_SUSPICIOUS_MOVE = YES;
				CLANG_WARN_UNGUARDED_AVAILABILITY = YES_AGGRESSIVE;
				CLANG_WARN_UNREACHABLE_CODE = YES;
				CLANG_WARN__DUPLICATE_METHOD_MATCH = YES;
				COPY_PHASE_STRIP = NO;
				DEBUG_INFORMATION_FORMAT = dwarf;
				ENABLE_STRICT_OBJC_MSGSEND = YES;
				ENABLE_TESTABILITY = YES;
				GCC_C_LANGUAGE_STANDARD = gnu11;
				GCC_DYNAMIC_NO_PIC = NO;
				GCC_NO_COMMON_BLOCKS = YES;
				GCC_OPTIMIZATION_LEVEL = 0;
				GCC_PREPROCESSOR_DEFINITIONS = (
					"DEBUG=1",
					"$(inherited)",
				);
				GCC_WARN_64_TO_32_BIT_CONVERSION = YES;
				GCC_WARN_ABOUT_RETURN_TYPE = YES_ERROR;
				GCC_WARN_UNDECLARED_SELECTOR = YES;
				GCC_WARN_UNINITIALIZED_AUTOS = YES_AGGRESSIVE;
				GCC_WARN_UNUSED_FUNCTION = YES;
				GCC_WARN_UNUSED_VARIABLE = YES;
				IPHONEOS_DEPLOYMENT_TARGET = 16.4;
				MTL_ENABLE_DEBUG_INFO = INCLUDE_SOURCE;
				MTL_FAST_MATH = YES;
				ONLY_ACTIVE_ARCH = YES;
				SDKROOT = iphoneos;
				SWIFT_ACTIVE_COMPILATION_CONDITIONS = DEBUG;
				SWIFT_OPTIMIZATION_LEVEL = "-Onone";
			};
			name = Debug;
		};
		822A5B882A53E6F200400B21 /* Release */ = {
			isa = XCBuildConfiguration;
			buildSettings = {
				ALWAYS_SEARCH_USER_PATHS = NO;
				CLANG_ANALYZER_NONNULL = YES;
				CLANG_ANALYZER_NUMBER_OBJECT_CONVERSION = YES_AGGRESSIVE;
				CLANG_CXX_LANGUAGE_STANDARD = "gnu++20";
				CLANG_ENABLE_MODULES = YES;
				CLANG_ENABLE_OBJC_ARC = YES;
				CLANG_ENABLE_OBJC_WEAK = YES;
				CLANG_WARN_BLOCK_CAPTURE_AUTORELEASING = YES;
				CLANG_WARN_BOOL_CONVERSION = YES;
				CLANG_WARN_COMMA = YES;
				CLANG_WARN_CONSTANT_CONVERSION = YES;
				CLANG_WARN_DEPRECATED_OBJC_IMPLEMENTATIONS = YES;
				CLANG_WARN_DIRECT_OBJC_ISA_USAGE = YES_ERROR;
				CLANG_WARN_DOCUMENTATION_COMMENTS = YES;
				CLANG_WARN_EMPTY_BODY = YES;
				CLANG_WARN_ENUM_CONVERSION = YES;
				CLANG_WARN_INFINITE_RECURSION = YES;
				CLANG_WARN_INT_CONVERSION = YES;
				CLANG_WARN_NON_LITERAL_NULL_CONVERSION = YES;
				CLANG_WARN_OBJC_IMPLICIT_RETAIN_SELF = YES;
				CLANG_WARN_OBJC_LITERAL_CONVERSION = YES;
				CLANG_WARN_OBJC_ROOT_CLASS = YES_ERROR;
				CLANG_WARN_QUOTED_INCLUDE_IN_FRAMEWORK_HEADER = YES;
				CLANG_WARN_RANGE_LOOP_ANALYSIS = YES;
				CLANG_WARN_STRICT_PROTOTYPES = YES;
				CLANG_WARN_SUSPICIOUS_MOVE = YES;
				CLANG_WARN_UNGUARDED_AVAILABILITY = YES_AGGRESSIVE;
				CLANG_WARN_UNREACHABLE_CODE = YES;
				CLANG_WARN__DUPLICATE_METHOD_MATCH = YES;
				COPY_PHASE_STRIP = NO;
				DEBUG_INFORMATION_FORMAT = "dwarf-with-dsym";
				ENABLE_NS_ASSERTIONS = NO;
				ENABLE_STRICT_OBJC_MSGSEND = YES;
				GCC_C_LANGUAGE_STANDARD = gnu11;
				GCC_NO_COMMON_BLOCKS = YES;
				GCC_WARN_64_TO_32_BIT_CONVERSION = YES;
				GCC_WARN_ABOUT_RETURN_TYPE = YES_ERROR;
				GCC_WARN_UNDECLARED_SELECTOR = YES;
				GCC_WARN_UNINITIALIZED_AUTOS = YES_AGGRESSIVE;
				GCC_WARN_UNUSED_FUNCTION = YES;
				GCC_WARN_UNUSED_VARIABLE = YES;
				IPHONEOS_DEPLOYMENT_TARGET = 16.4;
				MTL_ENABLE_DEBUG_INFO = NO;
				MTL_FAST_MATH = YES;
				SDKROOT = iphoneos;
				SWIFT_COMPILATION_MODE = wholemodule;
				SWIFT_OPTIMIZATION_LEVEL = "-O";
				VALIDATE_PRODUCT = YES;
			};
			name = Release;
		};
		822A5B8A2A53E6F200400B21 /* Debug */ = {
			isa = XCBuildConfiguration;
			baseConfigurationReference = 92FB9E9EA8BC2FBDB3A0B4C0 /* Pods-EnginePJ.debug.xcconfig */;
			buildSettings = {
				ASSETCATALOG_COMPILER_APPICON_NAME = AppIcon;
				ASSETCATALOG_COMPILER_GLOBAL_ACCENT_COLOR_NAME = AccentColor;
				CLANG_ENABLE_MODULES = YES;
				CODE_SIGN_IDENTITY = "Apple Development";
				CODE_SIGN_STYLE = Automatic;
				CURRENT_PROJECT_VERSION = 1;
				DEVELOPMENT_TEAM = PFVL9M662R;
				GENERATE_INFOPLIST_FILE = YES;
				INFOPLIST_FILE = EnginePJ/Info.plist;
				INFOPLIST_KEY_UIApplicationSupportsIndirectInputEvents = YES;
				INFOPLIST_KEY_UILaunchStoryboardName = LaunchScreen;
				INFOPLIST_KEY_UIMainStoryboardFile = Main;
				INFOPLIST_KEY_UISupportedInterfaceOrientations_iPad = "UIInterfaceOrientationPortrait UIInterfaceOrientationPortraitUpsideDown UIInterfaceOrientationLandscapeLeft UIInterfaceOrientationLandscapeRight";
				INFOPLIST_KEY_UISupportedInterfaceOrientations_iPhone = "UIInterfaceOrientationPortrait UIInterfaceOrientationLandscapeLeft UIInterfaceOrientationLandscapeRight";
				IPHONEOS_DEPLOYMENT_TARGET = 15.0;
				LD_RUNPATH_SEARCH_PATHS = (
					"$(inherited)",
					"@executable_path/Frameworks",
				);
				MARKETING_VERSION = 1.0;
				PRODUCT_BUNDLE_IDENTIFIER = wwy.EnginePJ;
				PRODUCT_NAME = "$(TARGET_NAME)";
				PROVISIONING_PROFILE_SPECIFIER = "";
				SWIFT_EMIT_LOC_STRINGS = YES;
				SWIFT_OBJC_BRIDGING_HEADER = "EnginePJ/EnginePJ-Bridging-Header.h";
				SWIFT_OPTIMIZATION_LEVEL = "-Onone";
				SWIFT_VERSION = 5.0;
				TARGETED_DEVICE_FAMILY = "1,2";
			};
			name = Debug;
		};
		822A5B8B2A53E6F200400B21 /* Release */ = {
			isa = XCBuildConfiguration;
			baseConfigurationReference = EA72C60D79F59DC70E531F3F /* Pods-EnginePJ.release.xcconfig */;
			buildSettings = {
				ASSETCATALOG_COMPILER_APPICON_NAME = AppIcon;
				ASSETCATALOG_COMPILER_GLOBAL_ACCENT_COLOR_NAME = AccentColor;
				CLANG_ENABLE_MODULES = YES;
				CODE_SIGN_IDENTITY = "Apple Development";
				CODE_SIGN_STYLE = Automatic;
				CURRENT_PROJECT_VERSION = 1;
				DEVELOPMENT_TEAM = PFVL9M662R;
				GENERATE_INFOPLIST_FILE = YES;
				INFOPLIST_FILE = EnginePJ/Info.plist;
				INFOPLIST_KEY_UIApplicationSupportsIndirectInputEvents = YES;
				INFOPLIST_KEY_UILaunchStoryboardName = LaunchScreen;
				INFOPLIST_KEY_UIMainStoryboardFile = Main;
				INFOPLIST_KEY_UISupportedInterfaceOrientations_iPad = "UIInterfaceOrientationPortrait UIInterfaceOrientationPortraitUpsideDown UIInterfaceOrientationLandscapeLeft UIInterfaceOrientationLandscapeRight";
				INFOPLIST_KEY_UISupportedInterfaceOrientations_iPhone = "UIInterfaceOrientationPortrait UIInterfaceOrientationLandscapeLeft UIInterfaceOrientationLandscapeRight";
				IPHONEOS_DEPLOYMENT_TARGET = 15.0;
				LD_RUNPATH_SEARCH_PATHS = (
					"$(inherited)",
					"@executable_path/Frameworks",
				);
				MARKETING_VERSION = 1.0;
				PRODUCT_BUNDLE_IDENTIFIER = wwy.EnginePJ;
				PRODUCT_NAME = "$(TARGET_NAME)";
				PROVISIONING_PROFILE_SPECIFIER = "";
				SWIFT_EMIT_LOC_STRINGS = YES;
				SWIFT_OBJC_BRIDGING_HEADER = "EnginePJ/EnginePJ-Bridging-Header.h";
				SWIFT_VERSION = 5.0;
				TARGETED_DEVICE_FAMILY = "1,2";
			};
			name = Release;
		};
		822A5B8D2A53E6F200400B21 /* Debug */ = {
			isa = XCBuildConfiguration;
			baseConfigurationReference = 9755CE38F43BB942E6C728EC /* Pods-EnginePJTests.debug.xcconfig */;
			buildSettings = {
				ALWAYS_EMBED_SWIFT_STANDARD_LIBRARIES = YES;
				BUNDLE_LOADER = "$(TEST_HOST)";
				CODE_SIGN_STYLE = Automatic;
				CURRENT_PROJECT_VERSION = 1;
				DEVELOPMENT_TEAM = PFVL9M662R;
				GENERATE_INFOPLIST_FILE = YES;
				IPHONEOS_DEPLOYMENT_TARGET = 16.4;
				MARKETING_VERSION = 1.0;
				PRODUCT_BUNDLE_IDENTIFIER = wwy.EnginePJTests;
				PRODUCT_NAME = "$(TARGET_NAME)";
				SWIFT_EMIT_LOC_STRINGS = NO;
				SWIFT_VERSION = 5.0;
				TARGETED_DEVICE_FAMILY = "1,2";
				TEST_HOST = "$(BUILT_PRODUCTS_DIR)/EnginePJ.app/$(BUNDLE_EXECUTABLE_FOLDER_PATH)/EnginePJ";
			};
			name = Debug;
		};
		822A5B8E2A53E6F200400B21 /* Release */ = {
			isa = XCBuildConfiguration;
			baseConfigurationReference = 80DE08892F7CB6E9829D36EA /* Pods-EnginePJTests.release.xcconfig */;
			buildSettings = {
				ALWAYS_EMBED_SWIFT_STANDARD_LIBRARIES = YES;
				BUNDLE_LOADER = "$(TEST_HOST)";
				CODE_SIGN_STYLE = Automatic;
				CURRENT_PROJECT_VERSION = 1;
				DEVELOPMENT_TEAM = PFVL9M662R;
				GENERATE_INFOPLIST_FILE = YES;
				IPHONEOS_DEPLOYMENT_TARGET = 16.4;
				MARKETING_VERSION = 1.0;
				PRODUCT_BUNDLE_IDENTIFIER = wwy.EnginePJTests;
				PRODUCT_NAME = "$(TARGET_NAME)";
				SWIFT_EMIT_LOC_STRINGS = NO;
				SWIFT_VERSION = 5.0;
				TARGETED_DEVICE_FAMILY = "1,2";
				TEST_HOST = "$(BUILT_PRODUCTS_DIR)/EnginePJ.app/$(BUNDLE_EXECUTABLE_FOLDER_PATH)/EnginePJ";
			};
			name = Release;
		};
		822A5B902A53E6F200400B21 /* Debug */ = {
			isa = XCBuildConfiguration;
			baseConfigurationReference = D9C0AFE26062525C4E70EE36 /* Pods-EnginePJ-EnginePJUITests.debug.xcconfig */;
			buildSettings = {
				ALWAYS_EMBED_SWIFT_STANDARD_LIBRARIES = YES;
				CODE_SIGN_STYLE = Automatic;
				CURRENT_PROJECT_VERSION = 1;
				DEVELOPMENT_TEAM = PFVL9M662R;
				GENERATE_INFOPLIST_FILE = YES;
				MARKETING_VERSION = 1.0;
				PRODUCT_BUNDLE_IDENTIFIER = wwy.EnginePJUITests;
				PRODUCT_NAME = "$(TARGET_NAME)";
				SWIFT_EMIT_LOC_STRINGS = NO;
				SWIFT_VERSION = 5.0;
				TARGETED_DEVICE_FAMILY = "1,2";
				TEST_TARGET_NAME = EnginePJ;
			};
			name = Debug;
		};
		822A5B912A53E6F200400B21 /* Release */ = {
			isa = XCBuildConfiguration;
			baseConfigurationReference = 27A44C48B54C55027882E34C /* Pods-EnginePJ-EnginePJUITests.release.xcconfig */;
			buildSettings = {
				ALWAYS_EMBED_SWIFT_STANDARD_LIBRARIES = YES;
				CODE_SIGN_STYLE = Automatic;
				CURRENT_PROJECT_VERSION = 1;
				DEVELOPMENT_TEAM = PFVL9M662R;
				GENERATE_INFOPLIST_FILE = YES;
				MARKETING_VERSION = 1.0;
				PRODUCT_BUNDLE_IDENTIFIER = wwy.EnginePJUITests;
				PRODUCT_NAME = "$(TARGET_NAME)";
				SWIFT_EMIT_LOC_STRINGS = NO;
				SWIFT_VERSION = 5.0;
				TARGETED_DEVICE_FAMILY = "1,2";
				TEST_TARGET_NAME = EnginePJ;
			};
			name = Release;
		};
/* End XCBuildConfiguration section */

/* Begin XCConfigurationList section */
		822A5B5A2A53E6F000400B21 /* Build configuration list for PBXProject "EnginePJ" */ = {
			isa = XCConfigurationList;
			buildConfigurations = (
				822A5B872A53E6F200400B21 /* Debug */,
				822A5B882A53E6F200400B21 /* Release */,
			);
			defaultConfigurationIsVisible = 0;
			defaultConfigurationName = Release;
		};
		822A5B892A53E6F200400B21 /* Build configuration list for PBXNativeTarget "EnginePJ" */ = {
			isa = XCConfigurationList;
			buildConfigurations = (
				822A5B8A2A53E6F200400B21 /* Debug */,
				822A5B8B2A53E6F200400B21 /* Release */,
			);
			defaultConfigurationIsVisible = 0;
			defaultConfigurationName = Release;
		};
		822A5B8C2A53E6F200400B21 /* Build configuration list for PBXNativeTarget "EnginePJTests" */ = {
			isa = XCConfigurationList;
			buildConfigurations = (
				822A5B8D2A53E6F200400B21 /* Debug */,
				822A5B8E2A53E6F200400B21 /* Release */,
			);
			defaultConfigurationIsVisible = 0;
			defaultConfigurationName = Release;
		};
		822A5B8F2A53E6F200400B21 /* Build configuration list for PBXNativeTarget "EnginePJUITests" */ = {
			isa = XCConfigurationList;
			buildConfigurations = (
				822A5B902A53E6F200400B21 /* Debug */,
				822A5B912A53E6F200400B21 /* Release */,
			);
			defaultConfigurationIsVisible = 0;
			defaultConfigurationName = Release;
		};
/* End XCConfigurationList section */
	};
	rootObject = 822A5B572A53E6F000400B21 /* Project object */;
}
