PODS:
  - Flutter (1.0.0)
  - FlutterPluginRegistrant (0.0.1):
    - Flutter

DEPENDENCIES:
  - Flutter (from `../engine_module/.ios/Flutter`)
  - FlutterPluginRegistrant (from `../engine_module/.ios/Flutter/FlutterPluginRegistrant`)

EXTERNAL SOURCES:
  Flutter:
    :path: "../engine_module/.ios/Flutter"
  FlutterPluginRegistrant:
    :path: "../engine_module/.ios/Flutter/FlutterPluginRegistrant"

SPEC CHECKSUMS:
  Flutter: f04841e97a9d0b0a8025694d0796dd46242b2854
  FlutterPluginRegistrant: 58acfb6cb31ee4ca14f920aba101815efda113ee

PODFILE CHECKSUM: 65821ab7472ee4e767d82948eeff87f08f123993

COCOAPODS: 1.12.1
